PODS:
  - Alamofire (5.9.0)
  - Swinject (2.7.1)
  - SwinjectStoryboard (2.2.2):
    - Swinject (~> 2.7.1)

DEPENDENCIES:
  - Alamofire (~> 5.6)
  - SwinjectStoryboard

SPEC REPOS:
  trunk:
    - Alamofire
    - Swinject
    - SwinjectStoryboard

SPEC CHECKSUMS:
  Alamofire: 02b772c9910e8eba1a079227c32fbd9e46c90a24
  Swinject: ddf78b8486dd9b71a667b852cad919ab4484478e
  SwinjectStoryboard: 240ce371396da09a4c43c72ee5c148108500e184

PODFILE CHECKSUM: 4871faa309bff570dfc1598f95f66131d363484d

COCOAPODS: 1.12.1
