PODS:
  - Alamofire (5.9.0)
  - Google-Mobile-Ads-SDK (13.0.0):
    - GoogleUserMessagingPlatform (>= 1.1)
  - GoogleUserMessagingPlatform (3.1.0)
  - Swinject (2.7.1)
  - SwinjectStoryboard (2.2.2):
    - Swinject (~> 2.7.1)

DEPENDENCIES:
  - Alamofire (~> 5.6)
  - Google-Mobile-Ads-SDK
  - SwinjectStoryboard

SPEC REPOS:
  trunk:
    - Alamofire
    - Google-Mobile-Ads-SDK
    - GoogleUserMessagingPlatform
    - Swinject
    - SwinjectStoryboard

SPEC CHECKSUMS:
  Alamofire: 02b772c9910e8eba1a079227c32fbd9e46c90a24
  Google-Mobile-Ads-SDK: 96498d53355e438e2d932277e5e8e41a824fe4d4
  GoogleUserMessagingPlatform: befe603da6501006420c206222acd449bba45a9c
  Swinject: ddf78b8486dd9b71a667b852cad919ab4484478e
  SwinjectStoryboard: 240ce371396da09a4c43c72ee5c148108500e184

PODFILE CHECKSUM: ee439e0ade83be48d1d70ca8d44efb132fbfe487

COCOAPODS: 1.17.0
